Microsoft Visual Studio Solution File, Format Version 12.00
# Visual Studio Version 17
VisualStudioVersion = 17.5.2.0
MinimumVisualStudioVersion = 10.0.40219.1
Project("{FAE04EC0-301F-11D3-BF4B-00C04F79EFBC}") = "rotaryproject", "rotaryproject.csproj", "{186AECE0-C76B-8374-7BA7-CC4BAD2252FF}"
EndProject
Global
	GlobalSection(SolutionConfigurationPlatforms) = preSolution
		Debug|Any CPU = Debug|Any CPU
		Release|Any CPU = Release|Any CPU
	EndGlobalSection
	GlobalSection(ProjectConfigurationPlatforms) = postSolution
		{186AECE0-C76B-8374-7BA7-CC4BAD2252FF}.Debug|Any CPU.ActiveCfg = Debug|Any CPU
		{186AECE0-C76B-8374-7BA7-CC4BAD2252FF}.Debug|Any CPU.Build.0 = Debug|Any CPU
		{186AECE0-C76B-8374-7BA7-CC4BAD2252FF}.Release|Any CPU.ActiveCfg = Release|Any CPU
		{186AECE0-C76B-8374-7BA7-CC4BAD2252FF}.Release|Any CPU.Build.0 = Release|Any CPU
	EndGlobalSection
	GlobalSection(SolutionProperties) = preSolution
		HideSolutionNode = FALSE
	EndGlobalSection
	GlobalSection(ExtensibilityGlobals) = postSolution
		SolutionGuid = {7CF20FC7-B958-412A-8305-27BCC1C136EA}
	EndGlobalSection
EndGlobal
